// !$*UTF8*$!
{
	archiveVersion = 1;
	classes = {
	};
	objectVersion = 56;
	objects = {

/* Begin PBXBuildFile section */
		3F2591CB296D918200A1A6F2 /* Places.swift in Sources */ = {isa = PBXBuildFile; fileRef = 3F2591CA296D918200A1A6F2 /* Places.swift */; };
		3F2ED7A1296DC0E0007FD4ED /* ListOfPlacesView.swift in Sources */ = {isa = PBXBuildFile; fileRef = 3F2ED7A0296DC0E0007FD4ED /* ListOfPlacesView.swift */; };
		3FF37003296D52F8008E4140 /* MapAppApp.swift in Sources */ = {isa = PBXBuildFile; fileRef = 3FF37002296D52F8008E4140 /* MapAppApp.swift */; };
		3FF37005296D52F8008E4140 /* ContentView.swift in Sources */ = {isa = PBXBuildFile; fileRef = 3FF37004296D52F8008E4140 /* ContentView.swift */; };
		3FF37007296D52FB008E4140 /* Assets.xcassets in Resources */ = {isa = PBXBuildFile; fileRef = 3FF37006296D52FB008E4140 /* Assets.xcassets */; };
		3FF3700A296D52FB008E4140 /* Preview Assets.xcassets in Resources */ = {isa = PBXBuildFile; fileRef = 3FF37009296D52FB008E4140 /* Preview Assets.xcassets */; };
		3FF37014296D52FB008E4140 /* MapAppTests.swift in Sources */ = {isa = PBXBuildFile; fileRef = 3FF37013296D52FB008E4140 /* MapAppTests.swift */; };
		3FF3701E296D52FB008E4140 /* MapAppUITests.swift in Sources */ = {isa = PBXBuildFile; fileRef = 3FF3701D296D52FB008E4140 /* MapAppUITests.swift */; };
		3FF37020296D52FB008E4140 /* MapAppUITestsLaunchTests.swift in Sources */ = {isa = PBXBuildFile; fileRef = 3FF3701F296D52FB008E4140 /* MapAppUITestsLaunchTests.swift */; };
		3FF3702D296D610C008E4140 /* Place.swift in Sources */ = {isa = PBXBuildFile; fileRef = 3FF3702C296D610C008E4140 /* Place.swift */; };
		3FF3702F296D6DA3008E4140 /* LocationManager.swift in Sources */ = {isa = PBXBuildFile; fileRef = 3FF3702E296D6DA3008E4140 /* LocationManager.swift */; };
/* End PBXBuildFile section */

/* Begin PBXContainerItemProxy section */
		3FF37010296D52FB008E4140 /* PBXContainerItemProxy */ = {
			isa = PBXContainerItemProxy;
			containerPortal = 3FF36FF7296D52F8008E4140 /* Project object */;
			proxyType = 1;
			remoteGlobalIDString = 3FF36FFE296D52F8008E4140;
			remoteInfo = MapApp;
		};
		3FF3701A296D52FB008E4140 /* PBXContainerItemProxy */ = {
			isa = PBXContainerItemProxy;
			containerPortal = 3FF36FF7296D52F8008E4140 /* Project object */;
			proxyType = 1;
			remoteGlobalIDString = 3FF36FFE296D52F8008E4140;
			remoteInfo = MapApp;
		};
/* End PBXContainerItemProxy section */

/* Begin PBXFileReference section */
		3F2591CA296D918200A1A6F2 /* Places.swift */ = {isa = PBXFileReference; lastKnownFileType = sourcecode.swift; path = Places.swift; sourceTree = "<group>"; };
		3F2ED7A0296DC0E0007FD4ED /* ListOfPlacesView.swift */ = {isa = PBXFileReference; lastKnownFileType = sourcecode.swift; path = ListOfPlacesView.swift; sourceTree = "<group>"; };
		3FF36FFF296D52F8008E4140 /* MapApp.app */ = {isa = PBXFileReference; explicitFileType = wrapper.application; includeInIndex = 0; path = MapApp.app; sourceTree = BUILT_PRODUCTS_DIR; };
		3FF37002296D52F8008E4140 /* MapAppApp.swift */ = {isa = PBXFileReference; lastKnownFileType = sourcecode.swift; path = MapAppApp.swift; sourceTree = "<group>"; };
		3FF37004296D52F8008E4140 /* ContentView.swift */ = {isa = PBXFileReference; lastKnownFileType = sourcecode.swift; path = ContentView.swift; sourceTree = "<group>"; };
		3FF37006296D52FB008E4140 /* Assets.xcassets */ = {isa = PBXFileReference; lastKnownFileType = folder.assetcatalog; path = Assets.xcassets; sourceTree = "<group>"; };
		3FF37009296D52FB008E4140 /* Preview Assets.xcassets */ = {isa = PBXFileReference; lastKnownFileType = folder.assetcatalog; path = "Preview Assets.xcassets"; sourceTree = "<group>"; };
		3FF3700F296D52FB008E4140 /* MapAppTests.xctest */ = {isa = PBXFileReference; explicitFileType = wrapper.cfbundle; includeInIndex = 0; path = MapAppTests.xctest; sourceTree = BUILT_PRODUCTS_DIR; };
		3FF37013296D52FB008E4140 /* MapAppTests.swift */ = {isa = PBXFileReference; lastKnownFileType = sourcecode.swift; path = MapAppTests.swift; sourceTree = "<group>"; };
		3FF37019296D52FB008E4140 /* MapAppUITests.xctest */ = {isa = PBXFileReference; explicitFileType = wrapper.cfbundle; includeInIndex = 0; path = MapAppUITests.xctest; sourceTree = BUILT_PRODUCTS_DIR; };
		3FF3701D296D52FB008E4140 /* MapAppUITests.swift */ = {isa = PBXFileReference; lastKnownFileType = sourcecode.swift; path = MapAppUITests.swift; sourceTree = "<group>"; };
		3FF3701F296D52FB008E4140 /* MapAppUITestsLaunchTests.swift */ = {isa = PBXFileReference; lastKnownFileType = sourcecode.swift; path = MapAppUITestsLaunchTests.swift; sourceTree = "<group>"; };
		3FF3702C296D610C008E4140 /* Place.swift */ = {isa = PBXFileReference; lastKnownFileType = sourcecode.swift; path = Place.swift; sourceTree = "<group>"; };
		3FF3702E296D6DA3008E4140 /* LocationManager.swift */ = {isa = PBXFileReference; lastKnownFileType = sourcecode.swift; path = LocationManager.swift; sourceTree = "<group>"; };
		3FF37030296D732D008E4140 /* Info.plist */ = {isa = PBXFileReference; lastKnownFileType = text.plist; path = Info.plist; sourceTree = "<group>"; };
/* End PBXFileReference section */

/* Begin PBXFrameworksBuildPhase section */
		3FF36FFC296D52F8008E4140 /* Frameworks */ = {
			isa = PBXFrameworksBuildPhase;
			buildActionMask = 2147483647;
			files = (
			);
			runOnlyForDeploymentPostprocessing = 0;
		};
		3FF3700C296D52FB008E4140 /* Frameworks */ = {
			isa = PBXFrameworksBuildPhase;
			buildActionMask = 2147483647;
			files = (
			);
			runOnlyForDeploymentPostprocessing = 0;
		};
		3FF37016296D52FB008E4140 /* Frameworks */ = {
			isa = PBXFrameworksBuildPhase;
			buildActionMask = 2147483647;
			files = (
			);
			runOnlyForDeploymentPostprocessing = 0;
		};
/* End PBXFrameworksBuildPhase section */

/* Begin PBXGroup section */
		3FF36FF6296D52F8008E4140 = {
			isa = PBXGroup;
			children = (
				3FF37001296D52F8008E4140 /* MapApp */,
				3FF37012296D52FB008E4140 /* MapAppTests */,
				3FF3701C296D52FB008E4140 /* MapAppUITests */,
				3FF37000296D52F8008E4140 /* Products */,
			);
			sourceTree = "<group>";
		};
		3FF37000296D52F8008E4140 /* Products */ = {
			isa = PBXGroup;
			children = (
				3FF36FFF296D52F8008E4140 /* MapApp.app */,
				3FF3700F296D52FB008E4140 /* MapAppTests.xctest */,
				3FF37019296D52FB008E4140 /* MapAppUITests.xctest */,
			);
			name = Products;
			sourceTree = "<group>";
		};
		3FF37001296D52F8008E4140 /* MapApp */ = {
			isa = PBXGroup;
			children = (
				3FF37030296D732D008E4140 /* Info.plist */,
				3FF37002296D52F8008E4140 /* MapAppApp.swift */,
				3FF37004296D52F8008E4140 /* ContentView.swift */,
				3FF37006296D52FB008E4140 /* Assets.xcassets */,
				3FF37008296D52FB008E4140 /* Preview Content */,
				3FF3702C296D610C008E4140 /* Place.swift */,
				3FF3702E296D6DA3008E4140 /* LocationManager.swift */,
				3F2591CA296D918200A1A6F2 /* Places.swift */,
				3F2ED7A0296DC0E0007FD4ED /* ListOfPlacesView.swift */,
			);
			path = MapApp;
			sourceTree = "<group>";
		};
		3FF37008296D52FB008E4140 /* Preview Content */ = {
			isa = PBXGroup;
			children = (
				3FF37009296D52FB008E4140 /* Preview Assets.xcassets */,
			);
			path = "Preview Content";
			sourceTree = "<group>";
		};
		3FF37012296D52FB008E4140 /* MapAppTests */ = {
			isa = PBXGroup;
			children = (
				3FF37013296D52FB008E4140 /* MapAppTests.swift */,
			);
			path = MapAppTests;
			sourceTree = "<group>";
		};
		3FF3701C296D52FB008E4140 /* MapAppUITests */ = {
			isa = PBXGroup;
			children = (
				3FF3701D296D52FB008E4140 /* MapAppUITests.swift */,
				3FF3701F296D52FB008E4140 /* MapAppUITestsLaunchTests.swift */,
			);
			path = MapAppUITests;
			sourceTree = "<group>";
		};
/* End PBXGroup section */

/* Begin PBXNativeTarget section */
		3FF36FFE296D52F8008E4140 /* MapApp */ = {
			isa = PBXNativeTarget;
			buildConfigurationList = 3FF37023296D52FB008E4140 /* Build configuration list for PBXNativeTarget "MapApp" */;
			buildPhases = (
				3FF36FFB296D52F8008E4140 /* Sources */,
				3FF36FFC296D52F8008E4140 /* Frameworks */,
				3FF36FFD296D52F8008E4140 /* Resources */,
			);
			buildRules = (
			);
			dependencies = (
			);
			name = MapApp;
			productName = MapApp;
			productReference = 3FF36FFF296D52F8008E4140 /* MapApp.app */;
			productType = "com.apple.product-type.application";
		};
		3FF3700E296D52FB008E4140 /* MapAppTests */ = {
			isa = PBXNativeTarget;
			buildConfigurationList = 3FF37026296D52FB008E4140 /* Build configuration list for PBXNativeTarget "MapAppTests" */;
			buildPhases = (
				3FF3700B296D52FB008E4140 /* Sources */,
				3FF3700C296D52FB008E4140 /* Frameworks */,
				3FF3700D296D52FB008E4140 /* Resources */,
			);
			buildRules = (
			);
			dependencies = (
				3FF37011296D52FB008E4140 /* PBXTargetDependency */,
			);
			name = MapAppTests;
			productName = MapAppTests;
			productReference = 3FF3700F296D52FB008E4140 /* MapAppTests.xctest */;
			productType = "com.apple.product-type.bundle.unit-test";
		};
		3FF37018296D52FB008E4140 /* MapAppUITests */ = {
			isa = PBXNativeTarget;
			buildConfigurationList = 3FF37029296D52FB008E4140 /* Build configuration list for PBXNativeTarget "MapAppUITests" */;
			buildPhases = (
				3FF37015296D52FB008E4140 /* Sources */,
				3FF37016296D52FB008E4140 /* Frameworks */,
				3FF37017296D52FB008E4140 /* Resources */,
			);
			buildRules = (
			);
			dependencies = (
				3FF3701B296D52FB008E4140 /* PBXTargetDependency */,
			);
			name = MapAppUITests;
			productName = MapAppUITests;
			productReference = 3FF37019296D52FB008E4140 /* MapAppUITests.xctest */;
			productType = "com.apple.product-type.bundle.ui-testing";
		};
/* End PBXNativeTarget section */

/* Begin PBXProject section */
		3FF36FF7296D52F8008E4140 /* Project object */ = {
			isa = PBXProject;
			attributes = {
				BuildIndependentTargetsInParallel = 1;
				LastSwiftUpdateCheck = 1420;
				LastUpgradeCheck = 1420;
				TargetAttributes = {
					3FF36FFE296D52F8008E4140 = {
						CreatedOnToolsVersion = 14.2;
					};
					3FF3700E296D52FB008E4140 = {
						CreatedOnToolsVersion = 14.2;
						TestTargetID = 3FF36FFE296D52F8008E4140;
					};
					3FF37018296D52FB008E4140 = {
						CreatedOnToolsVersion = 14.2;
						TestTargetID = 3FF36FFE296D52F8008E4140;
					};
				};
			};
			buildConfigurationList = 3FF36FFA296D52F8008E4140 /* Build configuration list for PBXProject "MapApp" */;
			compatibilityVersion = "Xcode 14.0";
			developmentRegion = en;
			hasScannedForEncodings = 0;
			knownRegions = (
				en,
				Base,
			);
			mainGroup = 3FF36FF6296D52F8008E4140;
			productRefGroup = 3FF37000296D52F8008E4140 /* Products */;
			projectDirPath = "";
			projectRoot = "";
			targets = (
				3FF36FFE296D52F8008E4140 /* MapApp */,
				3FF3700E296D52FB008E4140 /* MapAppTests */,
				3FF37018296D52FB008E4140 /* MapAppUITests */,
			);
		};
/* End PBXProject section */

/* Begin PBXResourcesBuildPhase section */
		3FF36FFD296D52F8008E4140 /* Resources */ = {
			isa = PBXResourcesBuildPhase;
			buildActionMask = 2147483647;
			files = (
				3FF3700A296D52FB008E4140 /* Preview Assets.xcassets in Resources */,
				3FF37007296D52FB008E4140 /* Assets.xcassets in Resources */,
			);
			runOnlyForDeploymentPostprocessing = 0;
		};
		3FF3700D296D52FB008E4140 /* Resources */ = {
			isa = PBXResourcesBuildPhase;
			buildActionMask = 2147483647;
			files = (
			);
			runOnlyForDeploymentPostprocessing = 0;
		};
		3FF37017296D52FB008E4140 /* Resources */ = {
			isa = PBXResourcesBuildPhase;
			buildActionMask = 2147483647;
			files = (
			);
			runOnlyForDeploymentPostprocessing = 0;
		};
/* End PBXResourcesBuildPhase section */

/* Begin PBXSourcesBuildPhase section */
		3FF36FFB296D52F8008E4140 /* Sources */ = {
			isa = PBXSourcesBuildPhase;
			buildActionMask = 2147483647;
			files = (
				3F2591CB296D918200A1A6F2 /* Places.swift in Sources */,
				3FF3702F296D6DA3008E4140 /* LocationManager.swift in Sources */,
				3FF3702D296D610C008E4140 /* Place.swift in Sources */,
				3FF37005296D52F8008E4140 /* ContentView.swift in Sources */,
				3FF37003296D52F8008E4140 /* MapAppApp.swift in Sources */,
				3F2ED7A1296DC0E0007FD4ED /* ListOfPlacesView.swift in Sources */,
			);
			runOnlyForDeploymentPostprocessing = 0;
		};
		3FF3700B296D52FB008E4140 /* Sources */ = {
			isa = PBXSourcesBuildPhase;
			buildActionMask = 2147483647;
			files = (
				3FF37014296D52FB008E4140 /* MapAppTests.swift in Sources */,
			);
			runOnlyForDeploymentPostprocessing = 0;
		};
		3FF37015296D52FB008E4140 /* Sources */ = {
			isa = PBXSourcesBuildPhase;
			buildActionMask = 2147483647;
			files = (
				3FF3701E296D52FB008E4140 /* MapAppUITests.swift in Sources */,
				3FF37020296D52FB008E4140 /* MapAppUITestsLaunchTests.swift in Sources */,
			);
			runOnlyForDeploymentPostprocessing = 0;
		};
/* End PBXSourcesBuildPhase section */

/* Begin PBXTargetDependency section */
		3FF37011296D52FB008E4140 /* PBXTargetDependency */ = {
			isa = PBXTargetDependency;
			target = 3FF36FFE296D52F8008E4140 /* MapApp */;
			targetProxy = 3FF37010296D52FB008E4140 /* PBXContainerItemProxy */;
		};
		3FF3701B296D52FB008E4140 /* PBXTargetDependency */ = {
			isa = PBXTargetDependency;
			target = 3FF36FFE296D52F8008E4140 /* MapApp */;
			targetProxy = 3FF3701A296D52FB008E4140 /* PBXContainerItemProxy */;
		};
/* End PBXTargetDependency section */

/* Begin XCBuildConfiguration section */
		3FF37021296D52FB008E4140 /* Debug */ = {
			isa = XCBuildConfiguration;
			buildSettings = {
				ALWAYS_SEARCH_USER_PATHS = NO;
				CLANG_ANALYZER_NONNULL = YES;
				CLANG_ANALYZER_NUMBER_OBJECT_CONVERSION = YES_AGGRESSIVE;
				CLANG_CXX_LANGUAGE_STANDARD = "gnu++20";
				CLANG_ENABLE_MODULES = YES;
				CLANG_ENABLE_OBJC_ARC = YES;
				CLANG_ENABLE_OBJC_WEAK = YES;
				CLANG_WARN_BLOCK_CAPTURE_AUTORELEASING = YES;
				CLANG_WARN_BOOL_CONVERSION = YES;
				CLANG_WARN_COMMA = YES;
				CLANG_WARN_CONSTANT_CONVERSION = YES;
				CLANG_WARN_DEPRECATED_OBJC_IMPLEMENTATIONS = YES;
				CLANG_WARN_DIRECT_OBJC_ISA_USAGE = YES_ERROR;
				CLANG_WARN_DOCUMENTATION_COMMENTS = YES;
				CLANG_WARN_EMPTY_BODY = YES;
				CLANG_WARN_ENUM_CONVERSION = YES;
				CLANG_WARN_INFINITE_RECURSION = YES;
				CLANG_WARN_INT_CONVERSION = YES;
				CLANG_WARN_NON_LITERAL_NULL_CONVERSION = YES;
				CLANG_WARN_OBJC_IMPLICIT_RETAIN_SELF = YES;
				CLANG_WARN_OBJC_LITERAL_CONVERSION = YES;
				CLANG_WARN_OBJC_ROOT_CLASS = YES_ERROR;
				CLANG_WARN_QUOTED_INCLUDE_IN_FRAMEWORK_HEADER = YES;
				CLANG_WARN_RANGE_LOOP_ANALYSIS = YES;
				CLANG_WARN_STRICT_PROTOTYPES = YES;
				CLANG_WARN_SUSPICIOUS_MOVE = YES;
				CLANG_WARN_UNGUARDED_AVAILABILITY = YES_AGGRESSIVE;
				CLANG_WARN_UNREACHABLE_CODE = YES;
				CLANG_WARN__DUPLICATE_METHOD_MATCH = YES;
				COPY_PHASE_STRIP = NO;
				DEBUG_INFORMATION_FORMAT = dwarf;
				ENABLE_STRICT_OBJC_MSGSEND = YES;
				ENABLE_TESTABILITY = YES;
				GCC_C_LANGUAGE_STANDARD = gnu11;
				GCC_DYNAMIC_NO_PIC = NO;
				GCC_NO_COMMON_BLOCKS = YES;
				GCC_OPTIMIZATION_LEVEL = 0;
				GCC_PREPROCESSOR_DEFINITIONS = (
					"DEBUG=1",
					"$(inherited)",
				);
				GCC_WARN_64_TO_32_BIT_CONVERSION = YES;
				GCC_WARN_ABOUT_RETURN_TYPE = YES_ERROR;
				GCC_WARN_UNDECLARED_SELECTOR = YES;
				GCC_WARN_UNINITIALIZED_AUTOS = YES_AGGRESSIVE;
				GCC_WARN_UNUSED_FUNCTION = YES;
				GCC_WARN_UNUSED_VARIABLE = YES;
				IPHONEOS_DEPLOYMENT_TARGET = 16.2;
				MTL_ENABLE_DEBUG_INFO = INCLUDE_SOURCE;
				MTL_FAST_MATH = YES;
				ONLY_ACTIVE_ARCH = YES;
				SDKROOT = iphoneos;
				SWIFT_ACTIVE_COMPILATION_CONDITIONS = DEBUG;
				SWIFT_OPTIMIZATION_LEVEL = "-Onone";
			};
			name = Debug;
		};
		3FF37022296D52FB008E4140 /* Release */ = {
			isa = XCBuildConfiguration;
			buildSettings = {
				ALWAYS_SEARCH_USER_PATHS = NO;
				CLANG_ANALYZER_NONNULL = YES;
				CLANG_ANALYZER_NUMBER_OBJECT_CONVERSION = YES_AGGRESSIVE;
				CLANG_CXX_LANGUAGE_STANDARD = "gnu++20";
				CLANG_ENABLE_MODULES = YES;
				CLANG_ENABLE_OBJC_ARC = YES;
				CLANG_ENABLE_OBJC_WEAK = YES;
				CLANG_WARN_BLOCK_CAPTURE_AUTORELEASING = YES;
				CLANG_WARN_BOOL_CONVERSION = YES;
				CLANG_WARN_COMMA = YES;
				CLANG_WARN_CONSTANT_CONVERSION = YES;
				CLANG_WARN_DEPRECATED_OBJC_IMPLEMENTATIONS = YES;
				CLANG_WARN_DIRECT_OBJC_ISA_USAGE = YES_ERROR;
				CLANG_WARN_DOCUMENTATION_COMMENTS = YES;
				CLANG_WARN_EMPTY_BODY = YES;
				CLANG_WARN_ENUM_CONVERSION = YES;
				CLANG_WARN_INFINITE_RECURSION = YES;
				CLANG_WARN_INT_CONVERSION = YES;
				CLANG_WARN_NON_LITERAL_NULL_CONVERSION = YES;
				CLANG_WARN_OBJC_IMPLICIT_RETAIN_SELF = YES;
				CLANG_WARN_OBJC_LITERAL_CONVERSION = YES;
				CLANG_WARN_OBJC_ROOT_CLASS = YES_ERROR;
				CLANG_WARN_QUOTED_INCLUDE_IN_FRAMEWORK_HEADER = YES;
				CLANG_WARN_RANGE_LOOP_ANALYSIS = YES;
				CLANG_WARN_STRICT_PROTOTYPES = YES;
				CLANG_WARN_SUSPICIOUS_MOVE = YES;
				CLANG_WARN_UNGUARDED_AVAILABILITY = YES_AGGRESSIVE;
				CLANG_WARN_UNREACHABLE_CODE = YES;
				CLANG_WARN__DUPLICATE_METHOD_MATCH = YES;
				COPY_PHASE_STRIP = NO;
				DEBUG_INFORMATION_FORMAT = "dwarf-with-dsym";
				ENABLE_NS_ASSERTIONS = NO;
				ENABLE_STRICT_OBJC_MSGSEND = YES;
				GCC_C_LANGUAGE_STANDARD = gnu11;
				GCC_NO_COMMON_BLOCKS = YES;
				GCC_WARN_64_TO_32_BIT_CONVERSION = YES;
				GCC_WARN_ABOUT_RETURN_TYPE = YES_ERROR;
				GCC_WARN_UNDECLARED_SELECTOR = YES;
				GCC_WARN_UNINITIALIZED_AUTOS = YES_AGGRESSIVE;
				GCC_WARN_UNUSED_FUNCTION = YES;
				GCC_WARN_UNUSED_VARIABLE = YES;
				IPHONEOS_DEPLOYMENT_TARGET = 16.2;
				MTL_ENABLE_DEBUG_INFO = NO;
				MTL_FAST_MATH = YES;
				SDKROOT = iphoneos;
				SWIFT_COMPILATION_MODE = wholemodule;
				SWIFT_OPTIMIZATION_LEVEL = "-O";
				VALIDATE_PRODUCT = YES;
			};
			name = Release;
		};
		3FF37024296D52FB008E4140 /* Debug */ = {
			isa = XCBuildConfiguration;
			buildSettings = {
				ASSETCATALOG_COMPILER_APPICON_NAME = AppIcon;
				ASSETCATALOG_COMPILER_GLOBAL_ACCENT_COLOR_NAME = AccentColor;
				CODE_SIGN_STYLE = Automatic;
				CURRENT_PROJECT_VERSION = 1;
				DEVELOPMENT_ASSET_PATHS = "\"MapApp/Preview Content\"";
				DEVELOPMENT_TEAM = W5BK5DHQMV;
				ENABLE_PREVIEWS = YES;
				GENERATE_INFOPLIST_FILE = YES;
				INFOPLIST_FILE = MapApp/Info.plist;
				INFOPLIST_KEY_LSApplicationCategoryType = "";
				INFOPLIST_KEY_NSLocationWhenInUseUsageDescription = "Snälla ge mig all din data";
				INFOPLIST_KEY_UIApplicationSceneManifest_Generation = YES;
				INFOPLIST_KEY_UIApplicationSupportsIndirectInputEvents = YES;
				INFOPLIST_KEY_UILaunchScreen_Generation = YES;
				INFOPLIST_KEY_UISupportedInterfaceOrientations_iPad = "UIInterfaceOrientationPortrait UIInterfaceOrientationPortraitUpsideDown UIInterfaceOrientationLandscapeLeft UIInterfaceOrientationLandscapeRight";
				INFOPLIST_KEY_UISupportedInterfaceOrientations_iPhone = "UIInterfaceOrientationPortrait UIInterfaceOrientationLandscapeLeft UIInterfaceOrientationLandscapeRight";
				LD_RUNPATH_SEARCH_PATHS = (
					"$(inherited)",
					"@executable_path/Frameworks",
				);
				MARKETING_VERSION = 1.0;
				PRODUCT_BUNDLE_IDENTIFIER = ElinSimonsson.MapApp;
				PRODUCT_NAME = "$(TARGET_NAME)";
				SWIFT_EMIT_LOC_STRINGS = YES;
				SWIFT_VERSION = 5.0;
				TARGETED_DEVICE_FAMILY = "1,2";
			};
			name = Debug;
		};
		3FF37025296D52FB008E4140 /* Release */ = {
			isa = XCBuildConfiguration;
			buildSettings = {
				ASSETCATALOG_COMPILER_APPICON_NAME = AppIcon;
				ASSETCATALOG_COMPILER_GLOBAL_ACCENT_COLOR_NAME = AccentColor;
				CODE_SIGN_STYLE = Automatic;
				CURRENT_PROJECT_VERSION = 1;
				DEVELOPMENT_ASSET_PATHS = "\"MapApp/Preview Content\"";
				DEVELOPMENT_TEAM = W5BK5DHQMV;
				ENABLE_PREVIEWS = YES;
				GENERATE_INFOPLIST_FILE = YES;
				INFOPLIST_FILE = MapApp/Info.plist;
				INFOPLIST_KEY_LSApplicationCategoryType = "";
				INFOPLIST_KEY_NSLocationWhenInUseUsageDescription = "Snälla ge mig all din data";
				INFOPLIST_KEY_UIApplicationSceneManifest_Generation = YES;
				INFOPLIST_KEY_UIApplicationSupportsIndirectInputEvents = YES;
				INFOPLIST_KEY_UILaunchScreen_Generation = YES;
				INFOPLIST_KEY_UISupportedInterfaceOrientations_iPad = "UIInterfaceOrientationPortrait UIInterfaceOrientationPortraitUpsideDown UIInterfaceOrientationLandscapeLeft UIInterfaceOrientationLandscapeRight";
				INFOPLIST_KEY_UISupportedInterfaceOrientations_iPhone = "UIInterfaceOrientationPortrait UIInterfaceOrientationLandscapeLeft UIInterfaceOrientationLandscapeRight";
				LD_RUNPATH_SEARCH_PATHS = (
					"$(inherited)",
					"@executable_path/Frameworks",
				);
				MARKETING_VERSION = 1.0;
				PRODUCT_BUNDLE_IDENTIFIER = ElinSimonsson.MapApp;
				PRODUCT_NAME = "$(TARGET_NAME)";
				SWIFT_EMIT_LOC_STRINGS = YES;
				SWIFT_VERSION = 5.0;
				TARGETED_DEVICE_FAMILY = "1,2";
			};
			name = Release;
		};
		3FF37027296D52FB008E4140 /* Debug */ = {
			isa = XCBuildConfiguration;
			buildSettings = {
				ALWAYS_EMBED_SWIFT_STANDARD_LIBRARIES = YES;
				BUNDLE_LOADER = "$(TEST_HOST)";
				CODE_SIGN_STYLE = Automatic;
				CURRENT_PROJECT_VERSION = 1;
				DEVELOPMENT_TEAM = W5BK5DHQMV;
				GENERATE_INFOPLIST_FILE = YES;
				IPHONEOS_DEPLOYMENT_TARGET = 16.2;
				MARKETING_VERSION = 1.0;
				PRODUCT_BUNDLE_IDENTIFIER = ElinSimonsson.MapAppTests;
				PRODUCT_NAME = "$(TARGET_NAME)";
				SWIFT_EMIT_LOC_STRINGS = NO;
				SWIFT_VERSION = 5.0;
				TARGETED_DEVICE_FAMILY = "1,2";
				TEST_HOST = "$(BUILT_PRODUCTS_DIR)/MapApp.app/$(BUNDLE_EXECUTABLE_FOLDER_PATH)/MapApp";
			};
			name = Debug;
		};
		3FF37028296D52FB008E4140 /* Release */ = {
			isa = XCBuildConfiguration;
			buildSettings = {
				ALWAYS_EMBED_SWIFT_STANDARD_LIBRARIES = YES;
				BUNDLE_LOADER = "$(TEST_HOST)";
				CODE_SIGN_STYLE = Automatic;
				CURRENT_PROJECT_VERSION = 1;
				DEVELOPMENT_TEAM = W5BK5DHQMV;
				GENERATE_INFOPLIST_FILE = YES;
				IPHONEOS_DEPLOYMENT_TARGET = 16.2;
				MARKETING_VERSION = 1.0;
				PRODUCT_BUNDLE_IDENTIFIER = ElinSimonsson.MapAppTests;
				PRODUCT_NAME = "$(TARGET_NAME)";
				SWIFT_EMIT_LOC_STRINGS = NO;
				SWIFT_VERSION = 5.0;
				TARGETED_DEVICE_FAMILY = "1,2";
				TEST_HOST = "$(BUILT_PRODUCTS_DIR)/MapApp.app/$(BUNDLE_EXECUTABLE_FOLDER_PATH)/MapApp";
			};
			name = Release;
		};
		3FF3702A296D52FB008E4140 /* Debug */ = {
			isa = XCBuildConfiguration;
			buildSettings = {
				ALWAYS_EMBED_SWIFT_STANDARD_LIBRARIES = YES;
				CODE_SIGN_STYLE = Automatic;
				CURRENT_PROJECT_VERSION = 1;
				DEVELOPMENT_TEAM = W5BK5DHQMV;
				GENERATE_INFOPLIST_FILE = YES;
				MARKETING_VERSION = 1.0;
				PRODUCT_BUNDLE_IDENTIFIER = ElinSimonsson.MapAppUITests;
				PRODUCT_NAME = "$(TARGET_NAME)";
				SWIFT_EMIT_LOC_STRINGS = NO;
				SWIFT_VERSION = 5.0;
				TARGETED_DEVICE_FAMILY = "1,2";
				TEST_TARGET_NAME = MapApp;
			};
			name = Debug;
		};
		3FF3702B296D52FB008E4140 /* Release */ = {
			isa = XCBuildConfiguration;
			buildSettings = {
				ALWAYS_EMBED_SWIFT_STANDARD_LIBRARIES = YES;
				CODE_SIGN_STYLE = Automatic;
				CURRENT_PROJECT_VERSION = 1;
				DEVELOPMENT_TEAM = W5BK5DHQMV;
				GENERATE_INFOPLIST_FILE = YES;
				MARKETING_VERSION = 1.0;
				PRODUCT_BUNDLE_IDENTIFIER = ElinSimonsson.MapAppUITests;
				PRODUCT_NAME = "$(TARGET_NAME)";
				SWIFT_EMIT_LOC_STRINGS = NO;
				SWIFT_VERSION = 5.0;
				TARGETED_DEVICE_FAMILY = "1,2";
				TEST_TARGET_NAME = MapApp;
			};
			name = Release;
		};
/* End XCBuildConfiguration section */

/* Begin XCConfigurationList section */
		3FF36FFA296D52F8008E4140 /* Build configuration list for PBXProject "MapApp" */ = {
			isa = XCConfigurationList;
			buildConfigurations = (
				3FF37021296D52FB008E4140 /* Debug */,
				3FF37022296D52FB008E4140 /* Release */,
			);
			defaultConfigurationIsVisible = 0;
			defaultConfigurationName = Release;
		};
		3FF37023296D52FB008E4140 /* Build configuration list for PBXNativeTarget "MapApp" */ = {
			isa = XCConfigurationList;
			buildConfigurations = (
				3FF37024296D52FB008E4140 /* Debug */,
				3FF37025296D52FB008E4140 /* Release */,
			);
			defaultConfigurationIsVisible = 0;
			defaultConfigurationName = Release;
		};
		3FF37026296D52FB008E4140 /* Build configuration list for PBXNativeTarget "MapAppTests" */ = {
			isa = XCConfigurationList;
			buildConfigurations = (
				3FF37027296D52FB008E4140 /* Debug */,
				3FF37028296D52FB008E4140 /* Release */,
			);
			defaultConfigurationIsVisible = 0;
			defaultConfigurationName = Release;
		};
		3FF37029296D52FB008E4140 /* Build configuration list for PBXNativeTarget "MapAppUITests" */ = {
			isa = XCConfigurationList;
			buildConfigurations = (
				3FF3702A296D52FB008E4140 /* Debug */,
				3FF3702B296D52FB008E4140 /* Release */,
			);
			defaultConfigurationIsVisible = 0;
			defaultConfigurationName = Release;
		};
/* End XCConfigurationList section */
	};
	rootObject = 3FF36FF7296D52F8008E4140 /* Project object */;
}
